
Microsoft Visual Studio Solution File, Format Version 12.00
# Visual Studio Version 16
VisualStudioVersion = 16.0.31112.23
MinimumVisualStudioVersion = 10.0.40219.1
Project("{FAE04EC0-301F-11D3-BF4B-00C04F79EFBC}") = "Snake", "Snake.csproj", "{8477DEF5-5143-4335-83CD-DB2C86F8AF62}"
EndProject
Global
	GlobalSection(SolutionConfigurationPlatforms) = preSolution
		Debug|Any CPU = Debug|Any CPU
		Release|Any CPU = Release|Any CPU
	EndGlobalSection
	GlobalSection(ProjectConfigurationPlatforms) = postSolution
		{8477DEF5-5143-4335-83CD-DB2C86F8AF62}.Debug|Any CPU.ActiveCfg = Debug|Any CPU
		{8477DEF5-5143-4335-83CD-DB2C86F8AF62}.Debug|Any CPU.Build.0 = Debug|Any CPU
		{8477DEF5-5143-4335-83CD-DB2C86F8AF62}.Release|Any CPU.ActiveCfg = Release|Any CPU
		{8477DEF5-5143-4335-83CD-DB2C86F8AF62}.Release|Any CPU.Build.0 = Release|Any CPU
	EndGlobalSection
	GlobalSection(SolutionProperties) = preSolution
		HideSolutionNode = FALSE
	EndGlobalSection
	GlobalSection(ExtensibilityGlobals) = postSolution
		SolutionGuid = {A4AD7437-99B8-4777-9A23-923847FBE501}
	EndGlobalSection
EndGlobal
